
Microsoft Visual Studio Solution File, Format Version 12.00
# Visual Studio Version 16
VisualStudioVersion = 16.0.31613.86
MinimumVisualStudioVersion = 10.0.40219.1
Project("{8BC9CEB8-8B4A-11D0-8D11-00A0C91BC942}") = "Day03", "Day03\Day03.vcxproj", "{63E4B9CF-E0D3-420C-AC18-D03530DDC691}"
EndProject
Project("{8BC9CEB8-8B4A-11D0-8D11-00A0C91BC942}") = "Day04", "Day04\Day04.vcxproj", "{70A00B65-2C11-49A1-BB5F-9D925039031D}"
EndProject
Project("{8BC9CEB8-8B4A-11D0-8D11-00A0C91BC942}") = "Day05", "Day05\Day05.vcxproj", "{A7E51B9B-73EC-42FC-8650-0DF3AB6F5A8D}"
EndProject
Project("{8BC9CEB8-8B4A-11D0-8D11-00A0C91BC942}") = "Day06", "Day06\Day06.vcxproj", "{607FCF5F-EEBE-4F39-8650-8DD6895FDBFB}"
EndProject
Project("{8BC9CEB8-8B4A-11D0-8D11-00A0C91BC942}") = "Day07", "Day07\Day07.vcxproj", "{EDCFF876-ACB6-476E-8120-6DAF26B2C402}"
EndProject
Project("{8BC9CEB8-8B4A-11D0-8D11-00A0C91BC942}") = "Day08", "Day08\Day08.vcxproj", "{209D91AE-86CC-40E4-BCA7-9BE0875DF9BD}"
EndProject
Project("{8BC9CEB8-8B4A-11D0-8D11-00A0C91BC942}") = "Day09", "Day09\Day09.vcxproj", "{C62E0C1E-D84D-4C37-8AFB-2C5CDE6A2C23}"
EndProject
Project("{8BC9CEB8-8B4A-11D0-8D11-00A0C91BC942}") = "Day10", "Day10\Day10.vcxproj", "{AEF4FA8F-EC9D-4CD0-A08A-FBABB6EBDC48}"
EndProject
Project("{8BC9CEB8-8B4A-11D0-8D11-00A0C91BC942}") = "Day11", "Day11\Day11.vcxproj", "{8951CBE3-FA7D-4C46-8B8D-0A381403BCB3}"
EndProject
Global
	GlobalSection(SolutionConfigurationPlatforms) = preSolution
		Debug|x64 = Debug|x64
		Release|x64 = Release|x64
	EndGlobalSection
	GlobalSection(ProjectConfigurationPlatforms) = postSolution
		{63E4B9CF-E0D3-420C-AC18-D03530DDC691}.Debug|x64.ActiveCfg = Debug|x64
		{63E4B9CF-E0D3-420C-AC18-D03530DDC691}.Debug|x64.Build.0 = Debug|x64
		{63E4B9CF-E0D3-420C-AC18-D03530DDC691}.Release|x64.ActiveCfg = Release|x64
		{63E4B9CF-E0D3-420C-AC18-D03530DDC691}.Release|x64.Build.0 = Release|x64
		{70A00B65-2C11-49A1-BB5F-9D925039031D}.Debug|x64.ActiveCfg = Debug|x64
		{70A00B65-2C11-49A1-BB5F-9D925039031D}.Debug|x64.Build.0 = Debug|x64
		{70A00B65-2C11-49A1-BB5F-9D925039031D}.Release|x64.ActiveCfg = Release|x64
		{70A00B65-2C11-49A1-BB5F-9D925039031D}.Release|x64.Build.0 = Release|x64
		{A7E51B9B-73EC-42FC-8650-0DF3AB6F5A8D}.Debug|x64.ActiveCfg = Debug|x64
		{A7E51B9B-73EC-42FC-8650-0DF3AB6F5A8D}.Debug|x64.Build.0 = Debug|x64
		{A7E51B9B-73EC-42FC-8650-0DF3AB6F5A8D}.Release|x64.ActiveCfg = Release|x64
		{A7E51B9B-73EC-42FC-8650-0DF3AB6F5A8D}.Release|x64.Build.0 = Release|x64
		{607FCF5F-EEBE-4F39-8650-8DD6895FDBFB}.Debug|x64.ActiveCfg = Debug|x64
		{607FCF5F-EEBE-4F39-8650-8DD6895FDBFB}.Debug|x64.Build.0 = Debug|x64
		{607FCF5F-EEBE-4F39-8650-8DD6895FDBFB}.Release|x64.ActiveCfg = Release|x64
		{607FCF5F-EEBE-4F39-8650-8DD6895FDBFB}.Release|x64.Build.0 = Release|x64
		{EDCFF876-ACB6-476E-8120-6DAF26B2C402}.Debug|x64.ActiveCfg = Debug|x64
		{EDCFF876-ACB6-476E-8120-6DAF26B2C402}.Debug|x64.Build.0 = Debug|x64
		{EDCFF876-ACB6-476E-8120-6DAF26B2C402}.Release|x64.ActiveCfg = Release|x64
		{EDCFF876-ACB6-476E-8120-6DAF26B2C402}.Release|x64.Build.0 = Release|x64
		{209D91AE-86CC-40E4-BCA7-9BE0875DF9BD}.Debug|x64.ActiveCfg = Debug|x64
		{209D91AE-86CC-40E4-BCA7-9BE0875DF9BD}.Debug|x64.Build.0 = Debug|x64
		{209D91AE-86CC-40E4-BCA7-9BE0875DF9BD}.Release|x64.ActiveCfg = Release|x64
		{209D91AE-86CC-40E4-BCA7-9BE0875DF9BD}.Release|x64.Build.0 = Release|x64
		{C62E0C1E-D84D-4C37-8AFB-2C5CDE6A2C23}.Debug|x64.ActiveCfg = Debug|x64
		{C62E0C1E-D84D-4C37-8AFB-2C5CDE6A2C23}.Debug|x64.Build.0 = Debug|x64
		{C62E0C1E-D84D-4C37-8AFB-2C5CDE6A2C23}.Release|x64.ActiveCfg = Release|x64
		{C62E0C1E-D84D-4C37-8AFB-2C5CDE6A2C23}.Release|x64.Build.0 = Release|x64
		{AEF4FA8F-EC9D-4CD0-A08A-FBABB6EBDC48}.Debug|x64.ActiveCfg = Debug|x64
		{AEF4FA8F-EC9D-4CD0-A08A-FBABB6EBDC48}.Debug|x64.Build.0 = Debug|x64
		{AEF4FA8F-EC9D-4CD0-A08A-FBABB6EBDC48}.Release|x64.ActiveCfg = Release|x64
		{AEF4FA8F-EC9D-4CD0-A08A-FBABB6EBDC48}.Release|x64.Build.0 = Release|x64
		{8951CBE3-FA7D-4C46-8B8D-0A381403BCB3}.Debug|x64.ActiveCfg = Debug|x64
		{8951CBE3-FA7D-4C46-8B8D-0A381403BCB3}.Debug|x64.Build.0 = Debug|x64
		{8951CBE3-FA7D-4C46-8B8D-0A381403BCB3}.Release|x64.ActiveCfg = Release|x64
		{8951CBE3-FA7D-4C46-8B8D-0A381403BCB3}.Release|x64.Build.0 = Release|x64
	EndGlobalSection
	GlobalSection(SolutionProperties) = preSolution
		HideSolutionNode = FALSE
	EndGlobalSection
	GlobalSection(ExtensibilityGlobals) = postSolution
		SolutionGuid = {F66D0F5B-52B9-41BA-A455-01D97DA39EA0}
	EndGlobalSection
EndGlobal
